<?xml version="1.0" encoding="utf-8"?>
<Project ToolsVersion="4.0" xmlns="http://schemas.microsoft.com/developer/msbuild/2003">
  <ItemGroup>
    <ClCompile Include="AdverBar.cpp" />
    <ClCompile Include="CWebBrowser2.cpp" />
    <ClCompile Include="Dialog_DownloadFont.cpp" />
    <ClCompile Include="Dialog_Hint.cpp" />
    <ClCompile Include="FontLoader.cpp" />
    <ClCompile Include="Glypher.cpp" />
    <ClCompile Include="GlypherDoc.cpp" />
    <ClCompile Include="GlypherEditView.cpp" />
    <ClCompile Include="GlypherOptions.cpp" />
    <ClCompile Include="GlypherView.cpp" />
    <ClCompile Include="GlyphListCtrl.cpp" />
    <ClCompile Include="GlyphPage_Info.cpp" />
    <ClCompile Include="GlyphPage_Settings.cpp" />
    <ClCompile Include="GlyphPage_Table.cpp" />
    <ClCompile Include="Implementation.cpp" />
    <ClCompile Include="MainFrm.cpp" />
    <ClCompile Include="MyToolBar.cpp" />
    <ClCompile Include="Options_Sheet.cpp" />
    <ClCompile Include="Page_FontLoader.cpp" />
    <ClCompile Include="Page_General.cpp" />
    <ClCompile Include="PropertySheetFarsi.cpp" />
    <ClCompile Include="stdafx.cpp" />
  </ItemGroup>
  <ItemGroup>
    <ClInclude Include="AdverBar.h" />
    <ClInclude Include="CWebBrowser2.h" />
    <ClInclude Include="Dialog_DownloadFont.h" />
    <ClInclude Include="Dialog_Hint.h" />
    <ClInclude Include="FontLoader.h" />
    <ClInclude Include="Core\FontMap.h" />
    <ClInclude Include="Core\FontMapConverter.h" />
    <ClInclude Include="global.h" />
    <ClInclude Include="Glypher.h" />
    <ClInclude Include="GlypherDoc.h" />
    <ClInclude Include="GlypherEditView.h" />
    <ClInclude Include="Core\GlypherManager.h" />
    <ClInclude Include="GlypherOptions.h" />
    <ClInclude Include="Core\GlypherUtil.h" />
    <ClInclude Include="GlypherView.h" />
    <ClInclude Include="GlyphListCtrl.h" />
    <ClInclude Include="GlyphPage_Info.h" />
    <ClInclude Include="GlyphPage_Settings.h" />
    <ClInclude Include="GlyphPage_Table.h" />
    <ClInclude Include="LockTime.h" />
    <ClInclude Include="MainFrm.h" />
    <ClInclude Include="MenuManager.h" />
    <ClInclude Include="MyToolBar.h" />
    <ClInclude Include="Options_Sheet.h" />
    <ClInclude Include="Page_FontLoader.h" />
    <ClInclude Include="Page_General.h" />
    <ClInclude Include="PropertySheetFarsi.h" />
    <ClInclude Include="Resource.h" />
    <ClInclude Include="stdafx.h" />
    <ClInclude Include="Core\UnicodeGlyph.h" />
    <ClInclude Include="..\..\_Class\m.h" />
    <ClInclude Include="Shared\Base.h" />
    <ClInclude Include="Shared\BitmapTools.h" />
    <ClInclude Include="Shared\m.h" />
    <ClInclude Include="Shared\Objects.h" />
    <ClInclude Include="Shared\Path.h" />
    <ClInclude Include="Shared\PrivateProfile.h" />
  </ItemGroup>
  <ItemGroup>
    <ResourceCompile Include="Glypher.rc" />
  </ItemGroup>
  <ItemGroup>
    <None Include="res\arrow_down_u.bmp" />
    <None Include="res\arrow_up_u.bmp" />
    <None Include="res\Glypher.ico" />
    <None Include="res\Glypher.rc2" />
    <None Include="res\GlypherDoc.ico" />
    <None Include="res\ico17.ico" />
    <None Include="res\openfolder.ico" />
    <None Include="res\Toolbar.bmp" />
  </ItemGroup>
  <ItemGroup>
    <Image Include="res\mainfram.bmp" />
  </ItemGroup>
</Project>